
Microsoft Visual Studio Solution File, Format Version 12.00
# Visual Studio Version 17
VisualStudioVersion = 17.0.32002.185
MinimumVisualStudioVersion = 10.0.40219.1
Project("{FAE04EC0-301F-11D3-BF4B-00C04F79EFBC}") = "temperlatorcalculator", "temperlatorcalculator\temperlatorcalculator.csproj", "{0103F6CB-E298-4CD8-B2AF-0F2A23A98654}"
EndProject
Global
	GlobalSection(SolutionConfigurationPlatforms) = preSolution
		Debug|Any CPU = Debug|Any CPU
		Release|Any CPU = Release|Any CPU
	EndGlobalSection
	GlobalSection(ProjectConfigurationPlatforms) = postSolution
		{0103F6CB-E298-4CD8-B2AF-0F2A23A98654}.Debug|Any CPU.ActiveCfg = Debug|Any CPU
		{0103F6CB-E298-4CD8-B2AF-0F2A23A98654}.Debug|Any CPU.Build.0 = Debug|Any CPU
		{0103F6CB-E298-4CD8-B2AF-0F2A23A98654}.Release|Any CPU.ActiveCfg = Release|Any CPU
		{0103F6CB-E298-4CD8-B2AF-0F2A23A98654}.Release|Any CPU.Build.0 = Release|Any CPU
	EndGlobalSection
	GlobalSection(SolutionProperties) = preSolution
		HideSolutionNode = FALSE
	EndGlobalSection
	GlobalSection(ExtensibilityGlobals) = postSolution
		SolutionGuid = {4383D58C-D7CC-4760-BE56-6756A4C9AF56}
	EndGlobalSection
EndGlobal
